// !$*UTF8*$!
{
	archiveVersion = 1;
	classes = {
	};
	objectVersion = 46;
	objects = {

/* Begin PBXBuildFile section */
		BCA55B7D1BF2D36C001F103D /* AppDelegate.swift in Sources */ = {isa = PBXBuildFile; fileRef = BCA55B7C1BF2D36C001F103D /* AppDelegate.swift */; };
		BCA55B7F1BF2D36C001F103D /* MainTableViewController.swift in Sources */ = {isa = PBXBuildFile; fileRef = BCA55B7E1BF2D36C001F103D /* MainTableViewController.swift */; };
		BCA55B821BF2D36C001F103D /* Main.storyboard in Resources */ = {isa = PBXBuildFile; fileRef = BCA55B801BF2D36C001F103D /* Main.storyboard */; };
		BCA55B841BF2D36C001F103D /* Assets.xcassets in Resources */ = {isa = PBXBuildFile; fileRef = BCA55B831BF2D36C001F103D /* Assets.xcassets */; };
		BCA55B871BF2D36C001F103D /* LaunchScreen.storyboard in Resources */ = {isa = PBXBuildFile; fileRef = BCA55B851BF2D36C001F103D /* LaunchScreen.storyboard */; };
		BCA55B8F1BF2D4D5001F103D /* DetailViewController.swift in Sources */ = {isa = PBXBuildFile; fileRef = BCA55B8E1BF2D4D5001F103D /* DetailViewController.swift */; };
		BCA55B911BF2D648001F103D /* NetworkRequestor.swift in Sources */ = {isa = PBXBuildFile; fileRef = BCA55B901BF2D648001F103D /* NetworkRequestor.swift */; };
/* End PBXBuildFile section */

/* Begin PBXFileReference section */
		BCA55B791BF2D36C001F103D /* Assignment4-2.app */ = {isa = PBXFileReference; explicitFileType = wrapper.application; includeInIndex = 0; path = "Assignment4-2.app"; sourceTree = BUILT_PRODUCTS_DIR; };
		BCA55B7C1BF2D36C001F103D /* AppDelegate.swift */ = {isa = PBXFileReference; lastKnownFileType = sourcecode.swift; path = AppDelegate.swift; sourceTree = "<group>"; };
		BCA55B7E1BF2D36C001F103D /* MainTableViewController.swift */ = {isa = PBXFileReference; lastKnownFileType = sourcecode.swift; path = MainTableViewController.swift; sourceTree = "<group>"; };
		BCA55B811BF2D36C001F103D /* Base */ = {isa = PBXFileReference; lastKnownFileType = file.storyboard; name = Base; path = Base.lproj/Main.storyboard; sourceTree = "<group>"; };
		BCA55B831BF2D36C001F103D /* Assets.xcassets */ = {isa = PBXFileReference; lastKnownFileType = folder.assetcatalog; path = Assets.xcassets; sourceTree = "<group>"; };
		BCA55B861BF2D36C001F103D /* Base */ = {isa = PBXFileReference; lastKnownFileType = file.storyboard; name = Base; path = Base.lproj/LaunchScreen.storyboard; sourceTree = "<group>"; };
		BCA55B881BF2D36C001F103D /* Info.plist */ = {isa = PBXFileReference; lastKnownFileType = text.plist.xml; path = Info.plist; sourceTree = "<group>"; };
		BCA55B8E1BF2D4D5001F103D /* DetailViewController.swift */ = {isa = PBXFileReference; fileEncoding = 4; lastKnownFileType = sourcecode.swift; path = DetailViewController.swift; sourceTree = "<group>"; };
		BCA55B901BF2D648001F103D /* NetworkRequestor.swift */ = {isa = PBXFileReference; fileEncoding = 4; lastKnownFileType = sourcecode.swift; path = NetworkRequestor.swift; sourceTree = "<group>"; };
/* End PBXFileReference section */

/* Begin PBXFrameworksBuildPhase section */
		BCA55B761BF2D36C001F103D /* Frameworks */ = {
			isa = PBXFrameworksBuildPhase;
			buildActionMask = 2147483647;
			files = (
			);
			runOnlyForDeploymentPostprocessing = 0;
		};
/* End PBXFrameworksBuildPhase section */

/* Begin PBXGroup section */
		BCA55B701BF2D36C001F103D = {
			isa = PBXGroup;
			children = (
				BCA55B7B1BF2D36C001F103D /* Assignment4-2 */,
				BCA55B7A1BF2D36C001F103D /* Products */,
			);
			sourceTree = "<group>";
		};
		BCA55B7A1BF2D36C001F103D /* Products */ = {
			isa = PBXGroup;
			children = (
				BCA55B791BF2D36C001F103D /* Assignment4-2.app */,
			);
			name = Products;
			sourceTree = "<group>";
		};
		BCA55B7B1BF2D36C001F103D /* Assignment4-2 */ = {
			isa = PBXGroup;
			children = (
				BCA55B7C1BF2D36C001F103D /* AppDelegate.swift */,
				BCA55B7E1BF2D36C001F103D /* MainTableViewController.swift */,
				BCA55B8E1BF2D4D5001F103D /* DetailViewController.swift */,
				BCA55B901BF2D648001F103D /* NetworkRequestor.swift */,
				BCA55B801BF2D36C001F103D /* Main.storyboard */,
				BCA55B831BF2D36C001F103D /* Assets.xcassets */,
				BCA55B851BF2D36C001F103D /* LaunchScreen.storyboard */,
				BCA55B881BF2D36C001F103D /* Info.plist */,
			);
			path = "Assignment4-2";
			sourceTree = "<group>";
		};
/* End PBXGroup section */

/* Begin PBXNativeTarget section */
		BCA55B781BF2D36C001F103D /* Assignment4-2 */ = {
			isa = PBXNativeTarget;
			buildConfigurationList = BCA55B8B1BF2D36C001F103D /* Build configuration list for PBXNativeTarget "Assignment4-2" */;
			buildPhases = (
				BCA55B751BF2D36C001F103D /* Sources */,
				BCA55B761BF2D36C001F103D /* Frameworks */,
				BCA55B771BF2D36C001F103D /* Resources */,
			);
			buildRules = (
			);
			dependencies = (
			);
			name = "Assignment4-2";
			productName = "Assignment4-2";
			productReference = BCA55B791BF2D36C001F103D /* Assignment4-2.app */;
			productType = "com.apple.product-type.application";
		};
/* End PBXNativeTarget section */

/* Begin PBXProject section */
		BCA55B711BF2D36C001F103D /* Project object */ = {
			isa = PBXProject;
			attributes = {
				LastSwiftUpdateCheck = 0710;
				LastUpgradeCheck = 0710;
				ORGANIZATIONNAME = "Brandon Groff";
				TargetAttributes = {
					BCA55B781BF2D36C001F103D = {
						CreatedOnToolsVersion = 7.1.1;
					};
				};
			};
			buildConfigurationList = BCA55B741BF2D36C001F103D /* Build configuration list for PBXProject "Assignment4-2" */;
			compatibilityVersion = "Xcode 3.2";
			developmentRegion = English;
			hasScannedForEncodings = 0;
			knownRegions = (
				en,
				Base,
			);
			mainGroup = BCA55B701BF2D36C001F103D;
			productRefGroup = BCA55B7A1BF2D36C001F103D /* Products */;
			projectDirPath = "";
			projectRoot = "";
			targets = (
				BCA55B781BF2D36C001F103D /* Assignment4-2 */,
			);
		};
/* End PBXProject section */

/* Begin PBXResourcesBuildPhase section */
		BCA55B771BF2D36C001F103D /* Resources */ = {
			isa = PBXResourcesBuildPhase;
			buildActionMask = 2147483647;
			files = (
				BCA55B871BF2D36C001F103D /* LaunchScreen.storyboard in Resources */,
				BCA55B841BF2D36C001F103D /* Assets.xcassets in Resources */,
				BCA55B821BF2D36C001F103D /* Main.storyboard in Resources */,
			);
			runOnlyForDeploymentPostprocessing = 0;
		};
/* End PBXResourcesBuildPhase section */

/* Begin PBXSourcesBuildPhase section */
		BCA55B751BF2D36C001F103D /* Sources */ = {
			isa = PBXSourcesBuildPhase;
			buildActionMask = 2147483647;
			files = (
				BCA55B8F1BF2D4D5001F103D /* DetailViewController.swift in Sources */,
				BCA55B911BF2D648001F103D /* NetworkRequestor.swift in Sources */,
				BCA55B7F1BF2D36C001F103D /* MainTableViewController.swift in Sources */,
				BCA55B7D1BF2D36C001F103D /* AppDelegate.swift in Sources */,
			);
			runOnlyForDeploymentPostprocessing = 0;
		};
/* End PBXSourcesBuildPhase section */

/* Begin PBXVariantGroup section */
		BCA55B801BF2D36C001F103D /* Main.storyboard */ = {
			isa = PBXVariantGroup;
			children = (
				BCA55B811BF2D36C001F103D /* Base */,
			);
			name = Main.storyboard;
			sourceTree = "<group>";
		};
		BCA55B851BF2D36C001F103D /* LaunchScreen.storyboard */ = {
			isa = PBXVariantGroup;
			children = (
				BCA55B861BF2D36C001F103D /* Base */,
			);
			name = LaunchScreen.storyboard;
			sourceTree = "<group>";
		};
/* End PBXVariantGroup section */

/* Begin XCBuildConfiguration section */
		BCA55B891BF2D36C001F103D /* Debug */ = {
			isa = XCBuildConfiguration;
			buildSettings = {
				ALWAYS_SEARCH_USER_PATHS = NO;
				CLANG_CXX_LANGUAGE_STANDARD = "gnu++0x";
				CLANG_CXX_LIBRARY = "libc++";
				CLANG_ENABLE_MODULES = YES;
				CLANG_ENABLE_OBJC_ARC = YES;
				CLANG_WARN_BOOL_CONVERSION = YES;
				CLANG_WARN_CONSTANT_CONVERSION = YES;
				CLANG_WARN_DIRECT_OBJC_ISA_USAGE = YES_ERROR;
				CLANG_WARN_EMPTY_BODY = YES;
				CLANG_WARN_ENUM_CONVERSION = YES;
				CLANG_WARN_INT_CONVERSION = YES;
				CLANG_WARN_OBJC_ROOT_CLASS = YES_ERROR;
				CLANG_WARN_UNREACHABLE_CODE = YES;
				CLANG_WARN__DUPLICATE_METHOD_MATCH = YES;
				"CODE_SIGN_IDENTITY[sdk=iphoneos*]" = "iPhone Developer";
				COPY_PHASE_STRIP = NO;
				DEBUG_INFORMATION_FORMAT = dwarf;
				ENABLE_STRICT_OBJC_MSGSEND = YES;
				ENABLE_TESTABILITY = YES;
				GCC_C_LANGUAGE_STANDARD = gnu99;
				GCC_DYNAMIC_NO_PIC = NO;
				GCC_NO_COMMON_BLOCKS = YES;
				GCC_OPTIMIZATION_LEVEL = 0;
				GCC_PREPROCESSOR_DEFINITIONS = (
					"DEBUG=1",
					"$(inherited)",
				);
				GCC_WARN_64_TO_32_BIT_CONVERSION = YES;
				GCC_WARN_ABOUT_RETURN_TYPE = YES_ERROR;
				GCC_WARN_UNDECLARED_SELECTOR = YES;
				GCC_WARN_UNINITIALIZED_AUTOS = YES_AGGRESSIVE;
				GCC_WARN_UNUSED_FUNCTION = YES;
				GCC_WARN_UNUSED_VARIABLE = YES;
				IPHONEOS_DEPLOYMENT_TARGET = 9.1;
				MTL_ENABLE_DEBUG_INFO = YES;
				ONLY_ACTIVE_ARCH = YES;
				SDKROOT = iphoneos;
				SWIFT_OPTIMIZATION_LEVEL = "-Onone";
				TARGETED_DEVICE_FAMILY = "1,2";
			};
			name = Debug;
		};
		BCA55B8A1BF2D36C001F103D /* Release */ = {
			isa = XCBuildConfiguration;
			buildSettings = {
				ALWAYS_SEARCH_USER_PATHS = NO;
				CLANG_CXX_LANGUAGE_STANDARD = "gnu++0x";
				CLANG_CXX_LIBRARY = "libc++";
				CLANG_ENABLE_MODULES = YES;
				CLANG_ENABLE_OBJC_ARC = YES;
				CLANG_WARN_BOOL_CONVERSION = YES;
				CLANG_WARN_CONSTANT_CONVERSION = YES;
				CLANG_WARN_DIRECT_OBJC_ISA_USAGE = YES_ERROR;
				CLANG_WARN_EMPTY_BODY = YES;
				CLANG_WARN_ENUM_CONVERSION = YES;
				CLANG_WARN_INT_CONVERSION = YES;
				CLANG_WARN_OBJC_ROOT_CLASS = YES_ERROR;
				CLANG_WARN_UNREACHABLE_CODE = YES;
				CLANG_WARN__DUPLICATE_METHOD_MATCH = YES;
				"CODE_SIGN_IDENTITY[sdk=iphoneos*]" = "iPhone Developer";
				COPY_PHASE_STRIP = NO;
				DEBUG_INFORMATION_FORMAT = "dwarf-with-dsym";
				ENABLE_NS_ASSERTIONS = NO;
				ENABLE_STRICT_OBJC_MSGSEND = YES;
				GCC_C_LANGUAGE_STANDARD = gnu99;
				GCC_NO_COMMON_BLOCKS = YES;
				GCC_WARN_64_TO_32_BIT_CONVERSION = YES;
				GCC_WARN_ABOUT_RETURN_TYPE = YES_ERROR;
				GCC_WARN_UNDECLARED_SELECTOR = YES;
				GCC_WARN_UNINITIALIZED_AUTOS = YES_AGGRESSIVE;
				GCC_WARN_UNUSED_FUNCTION = YES;
				GCC_WARN_UNUSED_VARIABLE = YES;
				IPHONEOS_DEPLOYMENT_TARGET = 9.1;
				MTL_ENABLE_DEBUG_INFO = NO;
				SDKROOT = iphoneos;
				TARGETED_DEVICE_FAMILY = "1,2";
				VALIDATE_PRODUCT = YES;
			};
			name = Release;
		};
		BCA55B8C1BF2D36C001F103D /* Debug */ = {
			isa = XCBuildConfiguration;
			buildSettings = {
				ASSETCATALOG_COMPILER_APPICON_NAME = AppIcon;
				INFOPLIST_FILE = "Assignment4-2/Info.plist";
				LD_RUNPATH_SEARCH_PATHS = "$(inherited) @executable_path/Frameworks";
				PRODUCT_BUNDLE_IDENTIFIER = "CS320.Assignment4-2";
				PRODUCT_NAME = "$(TARGET_NAME)";
			};
			name = Debug;
		};
		BCA55B8D1BF2D36C001F103D /* Release */ = {
			isa = XCBuildConfiguration;
			buildSettings = {
				ASSETCATALOG_COMPILER_APPICON_NAME = AppIcon;
				INFOPLIST_FILE = "Assignment4-2/Info.plist";
				LD_RUNPATH_SEARCH_PATHS = "$(inherited) @executable_path/Frameworks";
				PRODUCT_BUNDLE_IDENTIFIER = "CS320.Assignment4-2";
				PRODUCT_NAME = "$(TARGET_NAME)";
			};
			name = Release;
		};
/* End XCBuildConfiguration section */

/* Begin XCConfigurationList section */
		BCA55B741BF2D36C001F103D /* Build configuration list for PBXProject "Assignment4-2" */ = {
			isa = XCConfigurationList;
			buildConfigurations = (
				BCA55B891BF2D36C001F103D /* Debug */,
				BCA55B8A1BF2D36C001F103D /* Release */,
			);
			defaultConfigurationIsVisible = 0;
			defaultConfigurationName = Release;
		};
		BCA55B8B1BF2D36C001F103D /* Build configuration list for PBXNativeTarget "Assignment4-2" */ = {
			isa = XCConfigurationList;
			buildConfigurations = (
				BCA55B8C1BF2D36C001F103D /* Debug */,
				BCA55B8D1BF2D36C001F103D /* Release */,
			);
			defaultConfigurationIsVisible = 0;
		};
/* End XCConfigurationList section */
	};
	rootObject = BCA55B711BF2D36C001F103D /* Project object */;
}
