// !$*UTF8*$!
{
	archiveVersion = 1;
	classes = {
	};
	objectVersion = 46;
	objects = {

/* Begin PBXBuildFile section */
		BC2FF61D1BF3E6DF00C8B2D0 /* Interface.storyboard in Resources */ = {isa = PBXBuildFile; fileRef = BC2FF61B1BF3E6DF00C8B2D0 /* Interface.storyboard */; };
		BC2FF61F1BF3E6DF00C8B2D0 /* Assets.xcassets in Resources */ = {isa = PBXBuildFile; fileRef = BC2FF61E1BF3E6DF00C8B2D0 /* Assets.xcassets */; };
		BC2FF6261BF3E6DF00C8B2D0 /* Watch Extension.appex in Embed App Extensions */ = {isa = PBXBuildFile; fileRef = BC2FF6251BF3E6DF00C8B2D0 /* Watch Extension.appex */; settings = {ATTRIBUTES = (RemoveHeadersOnCopy, ); }; };
		BC2FF62D1BF3E6DF00C8B2D0 /* MainInterfaceController.swift in Sources */ = {isa = PBXBuildFile; fileRef = BC2FF62C1BF3E6DF00C8B2D0 /* MainInterfaceController.swift */; };
		BC2FF62F1BF3E6DF00C8B2D0 /* ExtensionDelegate.swift in Sources */ = {isa = PBXBuildFile; fileRef = BC2FF62E1BF3E6DF00C8B2D0 /* ExtensionDelegate.swift */; };
		BC2FF63B1BF3E6DF00C8B2D0 /* Watch.app in Embed Watch Content */ = {isa = PBXBuildFile; fileRef = BC2FF6191BF3E6DF00C8B2D0 /* Watch.app */; };
		BC2FF6471BF3E9FE00C8B2D0 /* StudentInterfaceController.swift in Sources */ = {isa = PBXBuildFile; fileRef = BC2FF6461BF3E9FE00C8B2D0 /* StudentInterfaceController.swift */; };
		BC2FF6491BF3EA9A00C8B2D0 /* ConfirmationInterfaceController.swift in Sources */ = {isa = PBXBuildFile; fileRef = BC2FF6481BF3EA9A00C8B2D0 /* ConfirmationInterfaceController.swift */; };
		BC2FF64C1BF3F5CF00C8B2D0 /* WatchListRowController.swift in Sources */ = {isa = PBXBuildFile; fileRef = BC2FF6441BF3E94D00C8B2D0 /* WatchListRowController.swift */; };
		BC30B2B91BFE23160057F625 /* RoundedButton.swift in Sources */ = {isa = PBXBuildFile; fileRef = BC30B2B81BFE23160057F625 /* RoundedButton.swift */; };
		BC30B2BE1BFE49060057F625 /* PostDelete.swift in Sources */ = {isa = PBXBuildFile; fileRef = BC30B2BD1BFE49060057F625 /* PostDelete.swift */; };
		BCA55B7D1BF2D36C001F103D /* AppDelegate.swift in Sources */ = {isa = PBXBuildFile; fileRef = BCA55B7C1BF2D36C001F103D /* AppDelegate.swift */; };
		BCA55B7F1BF2D36C001F103D /* MainTableViewController.swift in Sources */ = {isa = PBXBuildFile; fileRef = BCA55B7E1BF2D36C001F103D /* MainTableViewController.swift */; };
		BCA55B821BF2D36C001F103D /* Main.storyboard in Resources */ = {isa = PBXBuildFile; fileRef = BCA55B801BF2D36C001F103D /* Main.storyboard */; };
		BCA55B841BF2D36C001F103D /* Assets.xcassets in Resources */ = {isa = PBXBuildFile; fileRef = BCA55B831BF2D36C001F103D /* Assets.xcassets */; };
		BCA55B871BF2D36C001F103D /* LaunchScreen.storyboard in Resources */ = {isa = PBXBuildFile; fileRef = BCA55B851BF2D36C001F103D /* LaunchScreen.storyboard */; };
		BCA55B8F1BF2D4D5001F103D /* DetailViewController.swift in Sources */ = {isa = PBXBuildFile; fileRef = BCA55B8E1BF2D4D5001F103D /* DetailViewController.swift */; };
		BCA55B911BF2D648001F103D /* NetworkRequestor.swift in Sources */ = {isa = PBXBuildFile; fileRef = BCA55B901BF2D648001F103D /* NetworkRequestor.swift */; };
		BCAC5A751BF5341E0084ED0A /* Assets.xcassets in Resources */ = {isa = PBXBuildFile; fileRef = BCAC5A741BF5341E0084ED0A /* Assets.xcassets */; };
		BCDE9E791BF58F42000C6541 /* NetworkRequestor.swift in Sources */ = {isa = PBXBuildFile; fileRef = BCA55B901BF2D648001F103D /* NetworkRequestor.swift */; };
		BCDE9E7B1BF5A01D000C6541 /* SaveDataManager.swift in Sources */ = {isa = PBXBuildFile; fileRef = BCDE9E7A1BF5A01D000C6541 /* SaveDataManager.swift */; };
		BCDE9E7D1BF5A5D6000C6541 /* Notification.swift in Sources */ = {isa = PBXBuildFile; fileRef = BCDE9E7C1BF5A5D6000C6541 /* Notification.swift */; };
		BCDE9E7E1BF5A5D6000C6541 /* Notification.swift in Sources */ = {isa = PBXBuildFile; fileRef = BCDE9E7C1BF5A5D6000C6541 /* Notification.swift */; };
		BCEC38301BF6E36200F6447F /* NSArrayCompare.swift in Sources */ = {isa = PBXBuildFile; fileRef = BCEC382F1BF6E36200F6447F /* NSArrayCompare.swift */; };
		BCEC38321BF6E7F800F6447F /* AlertInterface.swift in Sources */ = {isa = PBXBuildFile; fileRef = BCEC38311BF6E7F800F6447F /* AlertInterface.swift */; };
/* End PBXBuildFile section */

/* Begin PBXContainerItemProxy section */
		BC2FF6271BF3E6DF00C8B2D0 /* PBXContainerItemProxy */ = {
			isa = PBXContainerItemProxy;
			containerPortal = BCA55B711BF2D36C001F103D /* Project object */;
			proxyType = 1;
			remoteGlobalIDString = BC2FF6241BF3E6DF00C8B2D0;
			remoteInfo = "Watch Extension";
		};
		BC2FF6391BF3E6DF00C8B2D0 /* PBXContainerItemProxy */ = {
			isa = PBXContainerItemProxy;
			containerPortal = BCA55B711BF2D36C001F103D /* Project object */;
			proxyType = 1;
			remoteGlobalIDString = BC2FF6181BF3E6DF00C8B2D0;
			remoteInfo = Watch;
		};
/* End PBXContainerItemProxy section */

/* Begin PBXCopyFilesBuildPhase section */
		BC2FF6411BF3E6DF00C8B2D0 /* Embed App Extensions */ = {
			isa = PBXCopyFilesBuildPhase;
			buildActionMask = 2147483647;
			dstPath = "";
			dstSubfolderSpec = 13;
			files = (
				BC2FF6261BF3E6DF00C8B2D0 /* Watch Extension.appex in Embed App Extensions */,
			);
			name = "Embed App Extensions";
			runOnlyForDeploymentPostprocessing = 0;
		};
		BC2FF6431BF3E6DF00C8B2D0 /* Embed Watch Content */ = {
			isa = PBXCopyFilesBuildPhase;
			buildActionMask = 2147483647;
			dstPath = "$(CONTENTS_FOLDER_PATH)/Watch";
			dstSubfolderSpec = 16;
			files = (
				BC2FF63B1BF3E6DF00C8B2D0 /* Watch.app in Embed Watch Content */,
			);
			name = "Embed Watch Content";
			runOnlyForDeploymentPostprocessing = 0;
		};
/* End PBXCopyFilesBuildPhase section */

/* Begin PBXFileReference section */
		BC2FF6191BF3E6DF00C8B2D0 /* Watch.app */ = {isa = PBXFileReference; explicitFileType = wrapper.application; includeInIndex = 0; path = Watch.app; sourceTree = BUILT_PRODUCTS_DIR; };
		BC2FF61C1BF3E6DF00C8B2D0 /* Base */ = {isa = PBXFileReference; lastKnownFileType = file.storyboard; name = Base; path = Base.lproj/Interface.storyboard; sourceTree = "<group>"; };
		BC2FF61E1BF3E6DF00C8B2D0 /* Assets.xcassets */ = {isa = PBXFileReference; lastKnownFileType = folder.assetcatalog; path = Assets.xcassets; sourceTree = "<group>"; };
		BC2FF6201BF3E6DF00C8B2D0 /* Info.plist */ = {isa = PBXFileReference; lastKnownFileType = text.plist.xml; path = Info.plist; sourceTree = "<group>"; };
		BC2FF6251BF3E6DF00C8B2D0 /* Watch Extension.appex */ = {isa = PBXFileReference; explicitFileType = "wrapper.app-extension"; includeInIndex = 0; path = "Watch Extension.appex"; sourceTree = BUILT_PRODUCTS_DIR; };
		BC2FF62C1BF3E6DF00C8B2D0 /* MainInterfaceController.swift */ = {isa = PBXFileReference; lastKnownFileType = sourcecode.swift; path = MainInterfaceController.swift; sourceTree = "<group>"; };
		BC2FF62E1BF3E6DF00C8B2D0 /* ExtensionDelegate.swift */ = {isa = PBXFileReference; lastKnownFileType = sourcecode.swift; path = ExtensionDelegate.swift; sourceTree = "<group>"; };
		BC2FF6381BF3E6DF00C8B2D0 /* Info.plist */ = {isa = PBXFileReference; lastKnownFileType = text.plist.xml; path = Info.plist; sourceTree = "<group>"; };
		BC2FF6441BF3E94D00C8B2D0 /* WatchListRowController.swift */ = {isa = PBXFileReference; fileEncoding = 4; lastKnownFileType = sourcecode.swift; path = WatchListRowController.swift; sourceTree = "<group>"; };
		BC2FF6461BF3E9FE00C8B2D0 /* StudentInterfaceController.swift */ = {isa = PBXFileReference; fileEncoding = 4; lastKnownFileType = sourcecode.swift; path = StudentInterfaceController.swift; sourceTree = "<group>"; };
		BC2FF6481BF3EA9A00C8B2D0 /* ConfirmationInterfaceController.swift */ = {isa = PBXFileReference; fileEncoding = 4; lastKnownFileType = sourcecode.swift; path = ConfirmationInterfaceController.swift; sourceTree = "<group>"; };
		BC30B2B81BFE23160057F625 /* RoundedButton.swift */ = {isa = PBXFileReference; fileEncoding = 4; lastKnownFileType = sourcecode.swift; path = RoundedButton.swift; sourceTree = "<group>"; };
		BC30B2BD1BFE49060057F625 /* PostDelete.swift */ = {isa = PBXFileReference; fileEncoding = 4; lastKnownFileType = sourcecode.swift; path = PostDelete.swift; sourceTree = "<group>"; };
		BCA55B791BF2D36C001F103D /* Assignment4-2.app */ = {isa = PBXFileReference; explicitFileType = wrapper.application; includeInIndex = 0; path = "Assignment4-2.app"; sourceTree = BUILT_PRODUCTS_DIR; };
		BCA55B7C1BF2D36C001F103D /* AppDelegate.swift */ = {isa = PBXFileReference; lastKnownFileType = sourcecode.swift; path = AppDelegate.swift; sourceTree = "<group>"; };
		BCA55B7E1BF2D36C001F103D /* MainTableViewController.swift */ = {isa = PBXFileReference; lastKnownFileType = sourcecode.swift; path = MainTableViewController.swift; sourceTree = "<group>"; };
		BCA55B811BF2D36C001F103D /* Base */ = {isa = PBXFileReference; lastKnownFileType = file.storyboard; name = Base; path = Base.lproj/Main.storyboard; sourceTree = "<group>"; };
		BCA55B831BF2D36C001F103D /* Assets.xcassets */ = {isa = PBXFileReference; lastKnownFileType = folder.assetcatalog; path = Assets.xcassets; sourceTree = "<group>"; };
		BCA55B861BF2D36C001F103D /* Base */ = {isa = PBXFileReference; lastKnownFileType = file.storyboard; name = Base; path = Base.lproj/LaunchScreen.storyboard; sourceTree = "<group>"; };
		BCA55B881BF2D36C001F103D /* Info.plist */ = {isa = PBXFileReference; lastKnownFileType = text.plist.xml; path = Info.plist; sourceTree = "<group>"; };
		BCA55B8E1BF2D4D5001F103D /* DetailViewController.swift */ = {isa = PBXFileReference; fileEncoding = 4; lastKnownFileType = sourcecode.swift; path = DetailViewController.swift; sourceTree = "<group>"; };
		BCA55B901BF2D648001F103D /* NetworkRequestor.swift */ = {isa = PBXFileReference; fileEncoding = 4; lastKnownFileType = sourcecode.swift; path = NetworkRequestor.swift; sourceTree = "<group>"; };
		BCAC5A741BF5341E0084ED0A /* Assets.xcassets */ = {isa = PBXFileReference; lastKnownFileType = folder.assetcatalog; path = Assets.xcassets; sourceTree = "<group>"; };
		BCDE9E7A1BF5A01D000C6541 /* SaveDataManager.swift */ = {isa = PBXFileReference; fileEncoding = 4; lastKnownFileType = sourcecode.swift; path = SaveDataManager.swift; sourceTree = "<group>"; };
		BCDE9E7C1BF5A5D6000C6541 /* Notification.swift */ = {isa = PBXFileReference; fileEncoding = 4; lastKnownFileType = sourcecode.swift; path = Notification.swift; sourceTree = "<group>"; };
		BCEC382F1BF6E36200F6447F /* NSArrayCompare.swift */ = {isa = PBXFileReference; fileEncoding = 4; lastKnownFileType = sourcecode.swift; path = NSArrayCompare.swift; sourceTree = "<group>"; };
		BCEC38311BF6E7F800F6447F /* AlertInterface.swift */ = {isa = PBXFileReference; fileEncoding = 4; lastKnownFileType = sourcecode.swift; path = AlertInterface.swift; sourceTree = "<group>"; };
/* End PBXFileReference section */

/* Begin PBXFrameworksBuildPhase section */
		BC2FF6221BF3E6DF00C8B2D0 /* Frameworks */ = {
			isa = PBXFrameworksBuildPhase;
			buildActionMask = 2147483647;
			files = (
			);
			runOnlyForDeploymentPostprocessing = 0;
		};
		BCA55B761BF2D36C001F103D /* Frameworks */ = {
			isa = PBXFrameworksBuildPhase;
			buildActionMask = 2147483647;
			files = (
			);
			runOnlyForDeploymentPostprocessing = 0;
		};
/* End PBXFrameworksBuildPhase section */

/* Begin PBXGroup section */
		BC2FF61A1BF3E6DF00C8B2D0 /* Watch */ = {
			isa = PBXGroup;
			children = (
				BC2FF61B1BF3E6DF00C8B2D0 /* Interface.storyboard */,
				BC2FF61E1BF3E6DF00C8B2D0 /* Assets.xcassets */,
				BC2FF6201BF3E6DF00C8B2D0 /* Info.plist */,
				BC2FF6441BF3E94D00C8B2D0 /* WatchListRowController.swift */,
			);
			path = Watch;
			sourceTree = "<group>";
		};
		BC2FF6291BF3E6DF00C8B2D0 /* Watch Extension */ = {
			isa = PBXGroup;
			children = (
				BC2FF62E1BF3E6DF00C8B2D0 /* ExtensionDelegate.swift */,
				BC30B2BC1BFE48F70057F625 /* Model */,
				BCAC5A761BF537EB0084ED0A /* Interfaces */,
				BC2FF6381BF3E6DF00C8B2D0 /* Info.plist */,
				BCAC5A741BF5341E0084ED0A /* Assets.xcassets */,
			);
			path = "Watch Extension";
			sourceTree = "<group>";
		};
		BC30B2BC1BFE48F70057F625 /* Model */ = {
			isa = PBXGroup;
			children = (
				BC30B2BD1BFE49060057F625 /* PostDelete.swift */,
			);
			name = Model;
			sourceTree = "<group>";
		};
		BC8E59C01BF50702003AA94A /* Views */ = {
			isa = PBXGroup;
			children = (
				BCA55B7E1BF2D36C001F103D /* MainTableViewController.swift */,
				BCA55B8E1BF2D4D5001F103D /* DetailViewController.swift */,
				BC30B2B81BFE23160057F625 /* RoundedButton.swift */,
			);
			name = Views;
			sourceTree = "<group>";
		};
		BC8E59C21BF50714003AA94A /* Model */ = {
			isa = PBXGroup;
			children = (
				BCDE9E7A1BF5A01D000C6541 /* SaveDataManager.swift */,
				BCDE9E7C1BF5A5D6000C6541 /* Notification.swift */,
				BCA55B901BF2D648001F103D /* NetworkRequestor.swift */,
				BCEC382F1BF6E36200F6447F /* NSArrayCompare.swift */,
			);
			name = Model;
			sourceTree = "<group>";
		};
		BCA55B701BF2D36C001F103D = {
			isa = PBXGroup;
			children = (
				BCA55B7B1BF2D36C001F103D /* Assignment4-2 */,
				BC2FF61A1BF3E6DF00C8B2D0 /* Watch */,
				BC2FF6291BF3E6DF00C8B2D0 /* Watch Extension */,
				BCA55B7A1BF2D36C001F103D /* Products */,
			);
			sourceTree = "<group>";
		};
		BCA55B7A1BF2D36C001F103D /* Products */ = {
			isa = PBXGroup;
			children = (
				BCA55B791BF2D36C001F103D /* Assignment4-2.app */,
				BC2FF6191BF3E6DF00C8B2D0 /* Watch.app */,
				BC2FF6251BF3E6DF00C8B2D0 /* Watch Extension.appex */,
			);
			name = Products;
			sourceTree = "<group>";
		};
		BCA55B7B1BF2D36C001F103D /* Assignment4-2 */ = {
			isa = PBXGroup;
			children = (
				BCA55B7C1BF2D36C001F103D /* AppDelegate.swift */,
				BC8E59C01BF50702003AA94A /* Views */,
				BC8E59C21BF50714003AA94A /* Model */,
				BCA55B801BF2D36C001F103D /* Main.storyboard */,
				BCA55B831BF2D36C001F103D /* Assets.xcassets */,
				BCA55B851BF2D36C001F103D /* LaunchScreen.storyboard */,
				BCA55B881BF2D36C001F103D /* Info.plist */,
			);
			path = "Assignment4-2";
			sourceTree = "<group>";
		};
		BCAC5A761BF537EB0084ED0A /* Interfaces */ = {
			isa = PBXGroup;
			children = (
				BC2FF62C1BF3E6DF00C8B2D0 /* MainInterfaceController.swift */,
				BC2FF6461BF3E9FE00C8B2D0 /* StudentInterfaceController.swift */,
				BC2FF6481BF3EA9A00C8B2D0 /* ConfirmationInterfaceController.swift */,
				BCEC38311BF6E7F800F6447F /* AlertInterface.swift */,
			);
			name = Interfaces;
			sourceTree = "<group>";
		};
/* End PBXGroup section */

/* Begin PBXNativeTarget section */
		BC2FF6181BF3E6DF00C8B2D0 /* Watch */ = {
			isa = PBXNativeTarget;
			buildConfigurationList = BC2FF6421BF3E6DF00C8B2D0 /* Build configuration list for PBXNativeTarget "Watch" */;
			buildPhases = (
				BC2FF6171BF3E6DF00C8B2D0 /* Resources */,
				BC2FF6411BF3E6DF00C8B2D0 /* Embed App Extensions */,
			);
			buildRules = (
			);
			dependencies = (
				BC2FF6281BF3E6DF00C8B2D0 /* PBXTargetDependency */,
			);
			name = Watch;
			productName = Watch;
			productReference = BC2FF6191BF3E6DF00C8B2D0 /* Watch.app */;
			productType = "com.apple.product-type.application.watchapp2";
		};
		BC2FF6241BF3E6DF00C8B2D0 /* Watch Extension */ = {
			isa = PBXNativeTarget;
			buildConfigurationList = BC2FF6401BF3E6DF00C8B2D0 /* Build configuration list for PBXNativeTarget "Watch Extension" */;
			buildPhases = (
				BC2FF6211BF3E6DF00C8B2D0 /* Sources */,
				BC2FF6221BF3E6DF00C8B2D0 /* Frameworks */,
				BC2FF6231BF3E6DF00C8B2D0 /* Resources */,
			);
			buildRules = (
			);
			dependencies = (
			);
			name = "Watch Extension";
			productName = "Watch Extension";
			productReference = BC2FF6251BF3E6DF00C8B2D0 /* Watch Extension.appex */;
			productType = "com.apple.product-type.watchkit2-extension";
		};
		BCA55B781BF2D36C001F103D /* Assignment4-2 */ = {
			isa = PBXNativeTarget;
			buildConfigurationList = BCA55B8B1BF2D36C001F103D /* Build configuration list for PBXNativeTarget "Assignment4-2" */;
			buildPhases = (
				BCA55B751BF2D36C001F103D /* Sources */,
				BCA55B761BF2D36C001F103D /* Frameworks */,
				BCA55B771BF2D36C001F103D /* Resources */,
				BC2FF6431BF3E6DF00C8B2D0 /* Embed Watch Content */,
			);
			buildRules = (
			);
			dependencies = (
				BC2FF63A1BF3E6DF00C8B2D0 /* PBXTargetDependency */,
			);
			name = "Assignment4-2";
			productName = "Assignment4-2";
			productReference = BCA55B791BF2D36C001F103D /* Assignment4-2.app */;
			productType = "com.apple.product-type.application";
		};
/* End PBXNativeTarget section */

/* Begin PBXProject section */
		BCA55B711BF2D36C001F103D /* Project object */ = {
			isa = PBXProject;
			attributes = {
				LastSwiftUpdateCheck = 0710;
				LastUpgradeCheck = 0710;
				ORGANIZATIONNAME = "Brandon Groff";
				TargetAttributes = {
					BC2FF6181BF3E6DF00C8B2D0 = {
						CreatedOnToolsVersion = 7.1.1;
					};
					BC2FF6241BF3E6DF00C8B2D0 = {
						CreatedOnToolsVersion = 7.1.1;
					};
					BCA55B781BF2D36C001F103D = {
						CreatedOnToolsVersion = 7.1.1;
						SystemCapabilities = {
							com.apple.BackgroundModes = {
								enabled = 1;
							};
						};
					};
				};
			};
			buildConfigurationList = BCA55B741BF2D36C001F103D /* Build configuration list for PBXProject "Assignment4-2" */;
			compatibilityVersion = "Xcode 3.2";
			developmentRegion = English;
			hasScannedForEncodings = 0;
			knownRegions = (
				en,
				Base,
			);
			mainGroup = BCA55B701BF2D36C001F103D;
			productRefGroup = BCA55B7A1BF2D36C001F103D /* Products */;
			projectDirPath = "";
			projectRoot = "";
			targets = (
				BCA55B781BF2D36C001F103D /* Assignment4-2 */,
				BC2FF6181BF3E6DF00C8B2D0 /* Watch */,
				BC2FF6241BF3E6DF00C8B2D0 /* Watch Extension */,
			);
		};
/* End PBXProject section */

/* Begin PBXResourcesBuildPhase section */
		BC2FF6171BF3E6DF00C8B2D0 /* Resources */ = {
			isa = PBXResourcesBuildPhase;
			buildActionMask = 2147483647;
			files = (
				BC2FF61F1BF3E6DF00C8B2D0 /* Assets.xcassets in Resources */,
				BC2FF61D1BF3E6DF00C8B2D0 /* Interface.storyboard in Resources */,
			);
			runOnlyForDeploymentPostprocessing = 0;
		};
		BC2FF6231BF3E6DF00C8B2D0 /* Resources */ = {
			isa = PBXResourcesBuildPhase;
			buildActionMask = 2147483647;
			files = (
				BCAC5A751BF5341E0084ED0A /* Assets.xcassets in Resources */,
			);
			runOnlyForDeploymentPostprocessing = 0;
		};
		BCA55B771BF2D36C001F103D /* Resources */ = {
			isa = PBXResourcesBuildPhase;
			buildActionMask = 2147483647;
			files = (
				BCA55B871BF2D36C001F103D /* LaunchScreen.storyboard in Resources */,
				BCA55B841BF2D36C001F103D /* Assets.xcassets in Resources */,
				BCA55B821BF2D36C001F103D /* Main.storyboard in Resources */,
			);
			runOnlyForDeploymentPostprocessing = 0;
		};
/* End PBXResourcesBuildPhase section */

/* Begin PBXSourcesBuildPhase section */
		BC2FF6211BF3E6DF00C8B2D0 /* Sources */ = {
			isa = PBXSourcesBuildPhase;
			buildActionMask = 2147483647;
			files = (
				BCEC38321BF6E7F800F6447F /* AlertInterface.swift in Sources */,
				BCDE9E791BF58F42000C6541 /* NetworkRequestor.swift in Sources */,
				BC2FF62F1BF3E6DF00C8B2D0 /* ExtensionDelegate.swift in Sources */,
				BC2FF62D1BF3E6DF00C8B2D0 /* MainInterfaceController.swift in Sources */,
				BCDE9E7E1BF5A5D6000C6541 /* Notification.swift in Sources */,
				BC2FF6491BF3EA9A00C8B2D0 /* ConfirmationInterfaceController.swift in Sources */,
				BC2FF6471BF3E9FE00C8B2D0 /* StudentInterfaceController.swift in Sources */,
				BC30B2BE1BFE49060057F625 /* PostDelete.swift in Sources */,
				BC2FF64C1BF3F5CF00C8B2D0 /* WatchListRowController.swift in Sources */,
			);
			runOnlyForDeploymentPostprocessing = 0;
		};
		BCA55B751BF2D36C001F103D /* Sources */ = {
			isa = PBXSourcesBuildPhase;
			buildActionMask = 2147483647;
			files = (
				BCEC38301BF6E36200F6447F /* NSArrayCompare.swift in Sources */,
				BCDE9E7B1BF5A01D000C6541 /* SaveDataManager.swift in Sources */,
				BCA55B8F1BF2D4D5001F103D /* DetailViewController.swift in Sources */,
				BC30B2B91BFE23160057F625 /* RoundedButton.swift in Sources */,
				BCDE9E7D1BF5A5D6000C6541 /* Notification.swift in Sources */,
				BCA55B911BF2D648001F103D /* NetworkRequestor.swift in Sources */,
				BCA55B7F1BF2D36C001F103D /* MainTableViewController.swift in Sources */,
				BCA55B7D1BF2D36C001F103D /* AppDelegate.swift in Sources */,
			);
			runOnlyForDeploymentPostprocessing = 0;
		};
/* End PBXSourcesBuildPhase section */

/* Begin PBXTargetDependency section */
		BC2FF6281BF3E6DF00C8B2D0 /* PBXTargetDependency */ = {
			isa = PBXTargetDependency;
			target = BC2FF6241BF3E6DF00C8B2D0 /* Watch Extension */;
			targetProxy = BC2FF6271BF3E6DF00C8B2D0 /* PBXContainerItemProxy */;
		};
		BC2FF63A1BF3E6DF00C8B2D0 /* PBXTargetDependency */ = {
			isa = PBXTargetDependency;
			target = BC2FF6181BF3E6DF00C8B2D0 /* Watch */;
			targetProxy = BC2FF6391BF3E6DF00C8B2D0 /* PBXContainerItemProxy */;
		};
/* End PBXTargetDependency section */

/* Begin PBXVariantGroup section */
		BC2FF61B1BF3E6DF00C8B2D0 /* Interface.storyboard */ = {
			isa = PBXVariantGroup;
			children = (
				BC2FF61C1BF3E6DF00C8B2D0 /* Base */,
			);
			name = Interface.storyboard;
			sourceTree = "<group>";
		};
		BCA55B801BF2D36C001F103D /* Main.storyboard */ = {
			isa = PBXVariantGroup;
			children = (
				BCA55B811BF2D36C001F103D /* Base */,
			);
			name = Main.storyboard;
			sourceTree = "<group>";
		};
		BCA55B851BF2D36C001F103D /* LaunchScreen.storyboard */ = {
			isa = PBXVariantGroup;
			children = (
				BCA55B861BF2D36C001F103D /* Base */,
			);
			name = LaunchScreen.storyboard;
			sourceTree = "<group>";
		};
/* End PBXVariantGroup section */

/* Begin XCBuildConfiguration section */
		BC2FF63C1BF3E6DF00C8B2D0 /* Debug */ = {
			isa = XCBuildConfiguration;
			buildSettings = {
				ASSETCATALOG_COMPILER_APPICON_NAME = AppIcon;
				CODE_SIGN_IDENTITY = "iPhone Developer";
				EMBEDDED_CONTENT_CONTAINS_SWIFT = YES;
				IBSC_MODULE = Watch_Extension;
				INFOPLIST_FILE = Watch/Info.plist;
				PRODUCT_BUNDLE_IDENTIFIER = "CS320.Assignment4-2.watchkitapp";
				PRODUCT_NAME = "$(TARGET_NAME)";
				SDKROOT = watchos;
				SKIP_INSTALL = YES;
				TARGETED_DEVICE_FAMILY = 4;
				WATCHOS_DEPLOYMENT_TARGET = 2.0;
			};
			name = Debug;
		};
		BC2FF63D1BF3E6DF00C8B2D0 /* Release */ = {
			isa = XCBuildConfiguration;
			buildSettings = {
				ASSETCATALOG_COMPILER_APPICON_NAME = AppIcon;
				CODE_SIGN_IDENTITY = "iPhone Developer";
				EMBEDDED_CONTENT_CONTAINS_SWIFT = YES;
				IBSC_MODULE = Watch_Extension;
				INFOPLIST_FILE = Watch/Info.plist;
				PRODUCT_BUNDLE_IDENTIFIER = "CS320.Assignment4-2.watchkitapp";
				PRODUCT_NAME = "$(TARGET_NAME)";
				SDKROOT = watchos;
				SKIP_INSTALL = YES;
				TARGETED_DEVICE_FAMILY = 4;
				WATCHOS_DEPLOYMENT_TARGET = 2.0;
			};
			name = Release;
		};
		BC2FF63E1BF3E6DF00C8B2D0 /* Debug */ = {
			isa = XCBuildConfiguration;
			buildSettings = {
				ASSETCATALOG_COMPILER_COMPLICATION_NAME = Complication;
				CLANG_ENABLE_MODULES = YES;
				CODE_SIGN_IDENTITY = "iPhone Developer";
				INFOPLIST_FILE = "Watch Extension/Info.plist";
				LD_RUNPATH_SEARCH_PATHS = "$(inherited) @executable_path/Frameworks @executable_path/../../Frameworks";
				PRODUCT_BUNDLE_IDENTIFIER = "CS320.Assignment4-2.watchkitapp.watchkitextension";
				PRODUCT_NAME = "${TARGET_NAME}";
				SDKROOT = watchos;
				SKIP_INSTALL = YES;
				SWIFT_OBJC_BRIDGING_HEADER = "";
				SWIFT_OPTIMIZATION_LEVEL = "-Onone";
				TARGETED_DEVICE_FAMILY = 4;
				WATCHOS_DEPLOYMENT_TARGET = 2.0;
			};
			name = Debug;
		};
		BC2FF63F1BF3E6DF00C8B2D0 /* Release */ = {
			isa = XCBuildConfiguration;
			buildSettings = {
				ASSETCATALOG_COMPILER_COMPLICATION_NAME = Complication;
				CLANG_ENABLE_MODULES = YES;
				CODE_SIGN_IDENTITY = "iPhone Developer";
				INFOPLIST_FILE = "Watch Extension/Info.plist";
				LD_RUNPATH_SEARCH_PATHS = "$(inherited) @executable_path/Frameworks @executable_path/../../Frameworks";
				PRODUCT_BUNDLE_IDENTIFIER = "CS320.Assignment4-2.watchkitapp.watchkitextension";
				PRODUCT_NAME = "${TARGET_NAME}";
				SDKROOT = watchos;
				SKIP_INSTALL = YES;
				SWIFT_OBJC_BRIDGING_HEADER = "";
				TARGETED_DEVICE_FAMILY = 4;
				WATCHOS_DEPLOYMENT_TARGET = 2.0;
			};
			name = Release;
		};
		BCA55B891BF2D36C001F103D /* Debug */ = {
			isa = XCBuildConfiguration;
			buildSettings = {
				ALWAYS_SEARCH_USER_PATHS = NO;
				CLANG_CXX_LANGUAGE_STANDARD = "gnu++0x";
				CLANG_CXX_LIBRARY = "libc++";
				CLANG_ENABLE_MODULES = YES;
				CLANG_ENABLE_OBJC_ARC = YES;
				CLANG_WARN_BOOL_CONVERSION = YES;
				CLANG_WARN_CONSTANT_CONVERSION = YES;
				CLANG_WARN_DIRECT_OBJC_ISA_USAGE = YES_ERROR;
				CLANG_WARN_EMPTY_BODY = YES;
				CLANG_WARN_ENUM_CONVERSION = YES;
				CLANG_WARN_INT_CONVERSION = YES;
				CLANG_WARN_OBJC_ROOT_CLASS = YES_ERROR;
				CLANG_WARN_UNREACHABLE_CODE = YES;
				CLANG_WARN__DUPLICATE_METHOD_MATCH = YES;
				"CODE_SIGN_IDENTITY[sdk=iphoneos*]" = "iPhone Developer";
				COPY_PHASE_STRIP = NO;
				DEBUG_INFORMATION_FORMAT = dwarf;
				ENABLE_STRICT_OBJC_MSGSEND = YES;
				ENABLE_TESTABILITY = YES;
				GCC_C_LANGUAGE_STANDARD = gnu99;
				GCC_DYNAMIC_NO_PIC = NO;
				GCC_NO_COMMON_BLOCKS = YES;
				GCC_OPTIMIZATION_LEVEL = 0;
				GCC_PREPROCESSOR_DEFINITIONS = (
					"DEBUG=1",
					"$(inherited)",
				);
				GCC_WARN_64_TO_32_BIT_CONVERSION = YES;
				GCC_WARN_ABOUT_RETURN_TYPE = YES_ERROR;
				GCC_WARN_UNDECLARED_SELECTOR = YES;
				GCC_WARN_UNINITIALIZED_AUTOS = YES_AGGRESSIVE;
				GCC_WARN_UNUSED_FUNCTION = YES;
				GCC_WARN_UNUSED_VARIABLE = YES;
				IPHONEOS_DEPLOYMENT_TARGET = 9.1;
				MTL_ENABLE_DEBUG_INFO = YES;
				ONLY_ACTIVE_ARCH = YES;
				SDKROOT = iphoneos;
				SWIFT_OPTIMIZATION_LEVEL = "-Onone";
				TARGETED_DEVICE_FAMILY = "1,2";
			};
			name = Debug;
		};
		BCA55B8A1BF2D36C001F103D /* Release */ = {
			isa = XCBuildConfiguration;
			buildSettings = {
				ALWAYS_SEARCH_USER_PATHS = NO;
				CLANG_CXX_LANGUAGE_STANDARD = "gnu++0x";
				CLANG_CXX_LIBRARY = "libc++";
				CLANG_ENABLE_MODULES = YES;
				CLANG_ENABLE_OBJC_ARC = YES;
				CLANG_WARN_BOOL_CONVERSION = YES;
				CLANG_WARN_CONSTANT_CONVERSION = YES;
				CLANG_WARN_DIRECT_OBJC_ISA_USAGE = YES_ERROR;
				CLANG_WARN_EMPTY_BODY = YES;
				CLANG_WARN_ENUM_CONVERSION = YES;
				CLANG_WARN_INT_CONVERSION = YES;
				CLANG_WARN_OBJC_ROOT_CLASS = YES_ERROR;
				CLANG_WARN_UNREACHABLE_CODE = YES;
				CLANG_WARN__DUPLICATE_METHOD_MATCH = YES;
				"CODE_SIGN_IDENTITY[sdk=iphoneos*]" = "iPhone Developer";
				COPY_PHASE_STRIP = NO;
				DEBUG_INFORMATION_FORMAT = "dwarf-with-dsym";
				ENABLE_NS_ASSERTIONS = NO;
				ENABLE_STRICT_OBJC_MSGSEND = YES;
				GCC_C_LANGUAGE_STANDARD = gnu99;
				GCC_NO_COMMON_BLOCKS = YES;
				GCC_WARN_64_TO_32_BIT_CONVERSION = YES;
				GCC_WARN_ABOUT_RETURN_TYPE = YES_ERROR;
				GCC_WARN_UNDECLARED_SELECTOR = YES;
				GCC_WARN_UNINITIALIZED_AUTOS = YES_AGGRESSIVE;
				GCC_WARN_UNUSED_FUNCTION = YES;
				GCC_WARN_UNUSED_VARIABLE = YES;
				IPHONEOS_DEPLOYMENT_TARGET = 9.1;
				MTL_ENABLE_DEBUG_INFO = NO;
				SDKROOT = iphoneos;
				TARGETED_DEVICE_FAMILY = "1,2";
				VALIDATE_PRODUCT = YES;
			};
			name = Release;
		};
		BCA55B8C1BF2D36C001F103D /* Debug */ = {
			isa = XCBuildConfiguration;
			buildSettings = {
				ASSETCATALOG_COMPILER_APPICON_NAME = AppIcon;
				CLANG_ENABLE_MODULES = YES;
				CODE_SIGN_IDENTITY = "iPhone Developer";
				INFOPLIST_FILE = "Assignment4-2/Info.plist";
				LD_RUNPATH_SEARCH_PATHS = "$(inherited) @executable_path/Frameworks";
				PRODUCT_BUNDLE_IDENTIFIER = "CS320.Assignment4-2";
				PRODUCT_NAME = "$(TARGET_NAME)";
				SWIFT_OBJC_BRIDGING_HEADER = "";
				SWIFT_OPTIMIZATION_LEVEL = "-Onone";
			};
			name = Debug;
		};
		BCA55B8D1BF2D36C001F103D /* Release */ = {
			isa = XCBuildConfiguration;
			buildSettings = {
				ASSETCATALOG_COMPILER_APPICON_NAME = AppIcon;
				CLANG_ENABLE_MODULES = YES;
				CODE_SIGN_IDENTITY = "iPhone Developer";
				INFOPLIST_FILE = "Assignment4-2/Info.plist";
				LD_RUNPATH_SEARCH_PATHS = "$(inherited) @executable_path/Frameworks";
				PRODUCT_BUNDLE_IDENTIFIER = "CS320.Assignment4-2";
				PRODUCT_NAME = "$(TARGET_NAME)";
				SWIFT_OBJC_BRIDGING_HEADER = "";
			};
			name = Release;
		};
/* End XCBuildConfiguration section */

/* Begin XCConfigurationList section */
		BC2FF6401BF3E6DF00C8B2D0 /* Build configuration list for PBXNativeTarget "Watch Extension" */ = {
			isa = XCConfigurationList;
			buildConfigurations = (
				BC2FF63E1BF3E6DF00C8B2D0 /* Debug */,
				BC2FF63F1BF3E6DF00C8B2D0 /* Release */,
			);
			defaultConfigurationIsVisible = 0;
			defaultConfigurationName = Release;
		};
		BC2FF6421BF3E6DF00C8B2D0 /* Build configuration list for PBXNativeTarget "Watch" */ = {
			isa = XCConfigurationList;
			buildConfigurations = (
				BC2FF63C1BF3E6DF00C8B2D0 /* Debug */,
				BC2FF63D1BF3E6DF00C8B2D0 /* Release */,
			);
			defaultConfigurationIsVisible = 0;
			defaultConfigurationName = Release;
		};
		BCA55B741BF2D36C001F103D /* Build configuration list for PBXProject "Assignment4-2" */ = {
			isa = XCConfigurationList;
			buildConfigurations = (
				BCA55B891BF2D36C001F103D /* Debug */,
				BCA55B8A1BF2D36C001F103D /* Release */,
			);
			defaultConfigurationIsVisible = 0;
			defaultConfigurationName = Release;
		};
		BCA55B8B1BF2D36C001F103D /* Build configuration list for PBXNativeTarget "Assignment4-2" */ = {
			isa = XCConfigurationList;
			buildConfigurations = (
				BCA55B8C1BF2D36C001F103D /* Debug */,
				BCA55B8D1BF2D36C001F103D /* Release */,
			);
			defaultConfigurationIsVisible = 0;
			defaultConfigurationName = Release;
		};
/* End XCConfigurationList section */
	};
	rootObject = BCA55B711BF2D36C001F103D /* Project object */;
}
